// !$*UTF8*$!
{
	archiveVersion = 1;
	classes = {
	};
	objectVersion = 51;
	objects = {

/* Begin PBXBuildFile section */
		2D19C08C260339030098D7DD /* AppDelegate.swift in Sources */ = {isa = PBXBuildFile; fileRef = 2D19C08B260339030098D7DD /* AppDelegate.swift */; };
		2D19C095260339060098D7DD /* Assets.xcassets in Resources */ = {isa = PBXBuildFile; fileRef = 2D19C094260339060098D7DD /* Assets.xcassets */; };
		2D19C098260339060098D7DD /* LaunchScreen.storyboard in Resources */ = {isa = PBXBuildFile; fileRef = 2D19C096260339060098D7DD /* LaunchScreen.storyboard */; };
		2D19C0C126033BE80098D7DD /* ExampleCell.swift in Sources */ = {isa = PBXBuildFile; fileRef = 2D19C0BD26033BE80098D7DD /* ExampleCell.swift */; };
		2D19C0C226033BE80098D7DD /* ExampleTemplateViewModels.swift in Sources */ = {isa = PBXBuildFile; fileRef = 2D19C0BE26033BE80098D7DD /* ExampleTemplateViewModels.swift */; };
		2D19C0C326033BE80098D7DD /* ListExampleView.swift in Sources */ = {isa = PBXBuildFile; fileRef = 2D19C0BF26033BE80098D7DD /* ListExampleView.swift */; };
		2D19C0C426033BE80098D7DD /* ListExamplePresenter.swift in Sources */ = {isa = PBXBuildFile; fileRef = 2D19C0C026033BE80098D7DD /* ListExamplePresenter.swift */; };
		2D19C0C726033C6D0098D7DD /* Main.storyboard in Resources */ = {isa = PBXBuildFile; fileRef = 2D19C0C626033C6D0098D7DD /* Main.storyboard */; };
		9840ADDDA5F20E560423CBD7 /* Pods_ReusebleUIKitExample.framework in Frameworks */ = {isa = PBXBuildFile; fileRef = A53624EA95E89F21A0894693 /* Pods_ReusebleUIKitExample.framework */; };
/* End PBXBuildFile section */

/* Begin PBXFileReference section */
		2D19C088260339030098D7DD /* ReusebleUIKitExample.app */ = {isa = PBXFileReference; explicitFileType = wrapper.application; includeInIndex = 0; path = ReusebleUIKitExample.app; sourceTree = BUILT_PRODUCTS_DIR; };
		2D19C08B260339030098D7DD /* AppDelegate.swift */ = {isa = PBXFileReference; lastKnownFileType = sourcecode.swift; path = AppDelegate.swift; sourceTree = "<group>"; };
		2D19C094260339060098D7DD /* Assets.xcassets */ = {isa = PBXFileReference; lastKnownFileType = folder.assetcatalog; path = Assets.xcassets; sourceTree = "<group>"; };
		2D19C097260339060098D7DD /* Base */ = {isa = PBXFileReference; lastKnownFileType = file.storyboard; name = Base; path = Base.lproj/LaunchScreen.storyboard; sourceTree = "<group>"; };
		2D19C099260339060098D7DD /* Info.plist */ = {isa = PBXFileReference; lastKnownFileType = text.plist.xml; path = Info.plist; sourceTree = "<group>"; };
		2D19C0BD26033BE80098D7DD /* ExampleCell.swift */ = {isa = PBXFileReference; fileEncoding = 4; lastKnownFileType = sourcecode.swift; path = ExampleCell.swift; sourceTree = "<group>"; };
		2D19C0BE26033BE80098D7DD /* ExampleTemplateViewModels.swift */ = {isa = PBXFileReference; fileEncoding = 4; lastKnownFileType = sourcecode.swift; path = ExampleTemplateViewModels.swift; sourceTree = "<group>"; };
		2D19C0BF26033BE80098D7DD /* ListExampleView.swift */ = {isa = PBXFileReference; fileEncoding = 4; lastKnownFileType = sourcecode.swift; path = ListExampleView.swift; sourceTree = "<group>"; };
		2D19C0C026033BE80098D7DD /* ListExamplePresenter.swift */ = {isa = PBXFileReference; fileEncoding = 4; lastKnownFileType = sourcecode.swift; path = ListExamplePresenter.swift; sourceTree = "<group>"; };
		2D19C0C626033C6D0098D7DD /* Main.storyboard */ = {isa = PBXFileReference; lastKnownFileType = file.storyboard; path = Main.storyboard; sourceTree = "<group>"; };
		3F71592857DE4BF223BDE8F1 /* Pods-ReusebleUIKitExample.debug.xcconfig */ = {isa = PBXFileReference; includeInIndex = 1; lastKnownFileType = text.xcconfig; name = "Pods-ReusebleUIKitExample.debug.xcconfig"; path = "Target Support Files/Pods-ReusebleUIKitExample/Pods-ReusebleUIKitExample.debug.xcconfig"; sourceTree = "<group>"; };
		A53624EA95E89F21A0894693 /* Pods_ReusebleUIKitExample.framework */ = {isa = PBXFileReference; explicitFileType = wrapper.framework; includeInIndex = 0; path = Pods_ReusebleUIKitExample.framework; sourceTree = BUILT_PRODUCTS_DIR; };
		F15DCC6DF1610F294B7AD71A /* Pods-ReusebleUIKitExample.release.xcconfig */ = {isa = PBXFileReference; includeInIndex = 1; lastKnownFileType = text.xcconfig; name = "Pods-ReusebleUIKitExample.release.xcconfig"; path = "Target Support Files/Pods-ReusebleUIKitExample/Pods-ReusebleUIKitExample.release.xcconfig"; sourceTree = "<group>"; };
/* End PBXFileReference section */

/* Begin PBXFrameworksBuildPhase section */
		2D19C085260339030098D7DD /* Frameworks */ = {
			isa = PBXFrameworksBuildPhase;
			buildActionMask = 2147483647;
			files = (
				9840ADDDA5F20E560423CBD7 /* Pods_ReusebleUIKitExample.framework in Frameworks */,
			);
			runOnlyForDeploymentPostprocessing = 0;
		};
/* End PBXFrameworksBuildPhase section */

/* Begin PBXGroup section */
		2D19C07F260339030098D7DD = {
			isa = PBXGroup;
			children = (
				2D19C08A260339030098D7DD /* ReusebleUIKitExample */,
				2D19C089260339030098D7DD /* Products */,
				4FAE5245A25ED18B7F762ED1 /* Pods */,
				6A355251FA41B60A0CFBABCA /* Frameworks */,
			);
			sourceTree = "<group>";
		};
		2D19C089260339030098D7DD /* Products */ = {
			isa = PBXGroup;
			children = (
				2D19C088260339030098D7DD /* ReusebleUIKitExample.app */,
			);
			name = Products;
			sourceTree = "<group>";
		};
		2D19C08A260339030098D7DD /* ReusebleUIKitExample */ = {
			isa = PBXGroup;
			children = (
				2D19C0B526033B390098D7DD /* Application */,
				2D19C0B626033B470098D7DD /* Resources */,
				2D19C0B726033B6C0098D7DD /* AppLayer */,
			);
			path = ReusebleUIKitExample;
			sourceTree = "<group>";
		};
		2D19C0B526033B390098D7DD /* Application */ = {
			isa = PBXGroup;
			children = (
				2D19C096260339060098D7DD /* LaunchScreen.storyboard */,
				2D19C08B260339030098D7DD /* AppDelegate.swift */,
				2D19C0C626033C6D0098D7DD /* Main.storyboard */,
			);
			path = Application;
			sourceTree = "<group>";
		};
		2D19C0B626033B470098D7DD /* Resources */ = {
			isa = PBXGroup;
			children = (
				2D19C094260339060098D7DD /* Assets.xcassets */,
				2D19C099260339060098D7DD /* Info.plist */,
			);
			path = Resources;
			sourceTree = "<group>";
		};
		2D19C0B726033B6C0098D7DD /* AppLayer */ = {
			isa = PBXGroup;
			children = (
				2D19C0C926033C8D0098D7DD /* Common */,
				2D19C0BB26033BE80098D7DD /* ListExample */,
			);
			path = AppLayer;
			sourceTree = "<group>";
		};
		2D19C0BB26033BE80098D7DD /* ListExample */ = {
			isa = PBXGroup;
			children = (
				2D19C0BF26033BE80098D7DD /* ListExampleView.swift */,
				2D19C0C026033BE80098D7DD /* ListExamplePresenter.swift */,
			);
			path = ListExample;
			sourceTree = "<group>";
		};
		2D19C0C926033C8D0098D7DD /* Common */ = {
			isa = PBXGroup;
			children = (
				2D19C0CA26033C960098D7DD /* TableView */,
			);
			path = Common;
			sourceTree = "<group>";
		};
		2D19C0CA26033C960098D7DD /* TableView */ = {
			isa = PBXGroup;
			children = (
				2D19C0CC26033CAA0098D7DD /* Cells */,
				2D19C0CB26033CA40098D7DD /* Template */,
			);
			path = TableView;
			sourceTree = "<group>";
		};
		2D19C0CB26033CA40098D7DD /* Template */ = {
			isa = PBXGroup;
			children = (
				2D19C0BE26033BE80098D7DD /* ExampleTemplateViewModels.swift */,
			);
			path = Template;
			sourceTree = "<group>";
		};
		2D19C0CC26033CAA0098D7DD /* Cells */ = {
			isa = PBXGroup;
			children = (
				2D19C0CE26033CB60098D7DD /* ExampleCell */,
			);
			path = Cells;
			sourceTree = "<group>";
		};
		2D19C0CE26033CB60098D7DD /* ExampleCell */ = {
			isa = PBXGroup;
			children = (
				2D19C0BD26033BE80098D7DD /* ExampleCell.swift */,
			);
			path = ExampleCell;
			sourceTree = "<group>";
		};
		4FAE5245A25ED18B7F762ED1 /* Pods */ = {
			isa = PBXGroup;
			children = (
				3F71592857DE4BF223BDE8F1 /* Pods-ReusebleUIKitExample.debug.xcconfig */,
				F15DCC6DF1610F294B7AD71A /* Pods-ReusebleUIKitExample.release.xcconfig */,
			);
			path = Pods;
			sourceTree = "<group>";
		};
		6A355251FA41B60A0CFBABCA /* Frameworks */ = {
			isa = PBXGroup;
			children = (
				A53624EA95E89F21A0894693 /* Pods_ReusebleUIKitExample.framework */,
			);
			name = Frameworks;
			sourceTree = "<group>";
		};
/* End PBXGroup section */

/* Begin PBXNativeTarget section */
		2D19C087260339030098D7DD /* ReusebleUIKitExample */ = {
			isa = PBXNativeTarget;
			buildConfigurationList = 2D19C09C260339060098D7DD /* Build configuration list for PBXNativeTarget "ReusebleUIKitExample" */;
			buildPhases = (
				CFC50F9FA8D057C79AAD6397 /* [CP] Check Pods Manifest.lock */,
				2D19C084260339030098D7DD /* Sources */,
				2D19C085260339030098D7DD /* Frameworks */,
				2D19C086260339030098D7DD /* Resources */,
				E4E1AB7F923890EB98A66758 /* [CP] Embed Pods Frameworks */,
			);
			buildRules = (
			);
			dependencies = (
			);
			name = ReusebleUIKitExample;
			productName = ReusebleUIKitExample;
			productReference = 2D19C088260339030098D7DD /* ReusebleUIKitExample.app */;
			productType = "com.apple.product-type.application";
		};
/* End PBXNativeTarget section */

/* Begin PBXProject section */
		2D19C080260339030098D7DD /* Project object */ = {
			isa = PBXProject;
			attributes = {
				LastSwiftUpdateCheck = 1230;
				LastUpgradeCheck = 1230;
				TargetAttributes = {
					2D19C087260339030098D7DD = {
						CreatedOnToolsVersion = 12.3;
					};
				};
			};
			buildConfigurationList = 2D19C083260339030098D7DD /* Build configuration list for PBXProject "ReusebleUIKitExample" */;
			compatibilityVersion = "Xcode 9.3";
			developmentRegion = en;
			hasScannedForEncodings = 0;
			knownRegions = (
				en,
				Base,
			);
			mainGroup = 2D19C07F260339030098D7DD;
			productRefGroup = 2D19C089260339030098D7DD /* Products */;
			projectDirPath = "";
			projectRoot = "";
			targets = (
				2D19C087260339030098D7DD /* ReusebleUIKitExample */,
			);
		};
/* End PBXProject section */

/* Begin PBXResourcesBuildPhase section */
		2D19C086260339030098D7DD /* Resources */ = {
			isa = PBXResourcesBuildPhase;
			buildActionMask = 2147483647;
			files = (
				2D19C0C726033C6D0098D7DD /* Main.storyboard in Resources */,
				2D19C098260339060098D7DD /* LaunchScreen.storyboard in Resources */,
				2D19C095260339060098D7DD /* Assets.xcassets in Resources */,
			);
			runOnlyForDeploymentPostprocessing = 0;
		};
/* End PBXResourcesBuildPhase section */

/* Begin PBXShellScriptBuildPhase section */
		CFC50F9FA8D057C79AAD6397 /* [CP] Check Pods Manifest.lock */ = {
			isa = PBXShellScriptBuildPhase;
			buildActionMask = 2147483647;
			files = (
			);
			inputFileListPaths = (
			);
			inputPaths = (
				"${PODS_PODFILE_DIR_PATH}/Podfile.lock",
				"${PODS_ROOT}/Manifest.lock",
			);
			name = "[CP] Check Pods Manifest.lock";
			outputFileListPaths = (
			);
			outputPaths = (
				"$(DERIVED_FILE_DIR)/Pods-ReusebleUIKitExample-checkManifestLockResult.txt",
			);
			runOnlyForDeploymentPostprocessing = 0;
			shellPath = /bin/sh;
			shellScript = "diff \"${PODS_PODFILE_DIR_PATH}/Podfile.lock\" \"${PODS_ROOT}/Manifest.lock\" > /dev/null\nif [ $? != 0 ] ; then\n    # print error to STDERR\n    echo \"error: The sandbox is not in sync with the Podfile.lock. Run 'pod install' or update your CocoaPods installation.\" >&2\n    exit 1\nfi\n# This output is used by Xcode 'outputs' to avoid re-running this script phase.\necho \"SUCCESS\" > \"${SCRIPT_OUTPUT_FILE_0}\"\n";
			showEnvVarsInLog = 0;
		};
		E4E1AB7F923890EB98A66758 /* [CP] Embed Pods Frameworks */ = {
			isa = PBXShellScriptBuildPhase;
			buildActionMask = 2147483647;
			files = (
			);
			inputFileListPaths = (
				"${PODS_ROOT}/Target Support Files/Pods-ReusebleUIKitExample/Pods-ReusebleUIKitExample-frameworks-${CONFIGURATION}-input-files.xcfilelist",
			);
			name = "[CP] Embed Pods Frameworks";
			outputFileListPaths = (
				"${PODS_ROOT}/Target Support Files/Pods-ReusebleUIKitExample/Pods-ReusebleUIKitExample-frameworks-${CONFIGURATION}-output-files.xcfilelist",
			);
			runOnlyForDeploymentPostprocessing = 0;
			shellPath = /bin/sh;
			shellScript = "\"${PODS_ROOT}/Target Support Files/Pods-ReusebleUIKitExample/Pods-ReusebleUIKitExample-frameworks.sh\"\n";
			showEnvVarsInLog = 0;
		};
/* End PBXShellScriptBuildPhase section */

/* Begin PBXSourcesBuildPhase section */
		2D19C084260339030098D7DD /* Sources */ = {
			isa = PBXSourcesBuildPhase;
			buildActionMask = 2147483647;
			files = (
				2D19C0C126033BE80098D7DD /* ExampleCell.swift in Sources */,
				2D19C08C260339030098D7DD /* AppDelegate.swift in Sources */,
				2D19C0C226033BE80098D7DD /* ExampleTemplateViewModels.swift in Sources */,
				2D19C0C426033BE80098D7DD /* ListExamplePresenter.swift in Sources */,
				2D19C0C326033BE80098D7DD /* ListExampleView.swift in Sources */,
			);
			runOnlyForDeploymentPostprocessing = 0;
		};
/* End PBXSourcesBuildPhase section */

/* Begin PBXVariantGroup section */
		2D19C096260339060098D7DD /* LaunchScreen.storyboard */ = {
			isa = PBXVariantGroup;
			children = (
				2D19C097260339060098D7DD /* Base */,
			);
			name = LaunchScreen.storyboard;
			sourceTree = "<group>";
		};
/* End PBXVariantGroup section */

/* Begin XCBuildConfiguration section */
		2D19C09A260339060098D7DD /* Debug */ = {
			isa = XCBuildConfiguration;
			buildSettings = {
				ALWAYS_SEARCH_USER_PATHS = NO;
				CLANG_ANALYZER_NONNULL = YES;
				CLANG_ANALYZER_NUMBER_OBJECT_CONVERSION = YES_AGGRESSIVE;
				CLANG_CXX_LANGUAGE_STANDARD = "gnu++14";
				CLANG_CXX_LIBRARY = "libc++";
				CLANG_ENABLE_MODULES = YES;
				CLANG_ENABLE_OBJC_ARC = YES;
				CLANG_ENABLE_OBJC_WEAK = YES;
				CLANG_WARN_BLOCK_CAPTURE_AUTORELEASING = YES;
				CLANG_WARN_BOOL_CONVERSION = YES;
				CLANG_WARN_COMMA = YES;
				CLANG_WARN_CONSTANT_CONVERSION = YES;
				CLANG_WARN_DEPRECATED_OBJC_IMPLEMENTATIONS = YES;
				CLANG_WARN_DIRECT_OBJC_ISA_USAGE = YES_ERROR;
				CLANG_WARN_DOCUMENTATION_COMMENTS = YES;
				CLANG_WARN_EMPTY_BODY = YES;
				CLANG_WARN_ENUM_CONVERSION = YES;
				CLANG_WARN_INFINITE_RECURSION = YES;
				CLANG_WARN_INT_CONVERSION = YES;
				CLANG_WARN_NON_LITERAL_NULL_CONVERSION = YES;
				CLANG_WARN_OBJC_IMPLICIT_RETAIN_SELF = YES;
				CLANG_WARN_OBJC_LITERAL_CONVERSION = YES;
				CLANG_WARN_OBJC_ROOT_CLASS = YES_ERROR;
				CLANG_WARN_QUOTED_INCLUDE_IN_FRAMEWORK_HEADER = YES;
				CLANG_WARN_RANGE_LOOP_ANALYSIS = YES;
				CLANG_WARN_STRICT_PROTOTYPES = YES;
				CLANG_WARN_SUSPICIOUS_MOVE = YES;
				CLANG_WARN_UNGUARDED_AVAILABILITY = YES_AGGRESSIVE;
				CLANG_WARN_UNREACHABLE_CODE = YES;
				CLANG_WARN__DUPLICATE_METHOD_MATCH = YES;
				COPY_PHASE_STRIP = NO;
				DEBUG_INFORMATION_FORMAT = dwarf;
				ENABLE_STRICT_OBJC_MSGSEND = YES;
				ENABLE_TESTABILITY = YES;
				GCC_C_LANGUAGE_STANDARD = gnu11;
				GCC_DYNAMIC_NO_PIC = NO;
				GCC_NO_COMMON_BLOCKS = YES;
				GCC_OPTIMIZATION_LEVEL = 0;
				GCC_PREPROCESSOR_DEFINITIONS = (
					"DEBUG=1",
					"$(inherited)",
				);
				GCC_WARN_64_TO_32_BIT_CONVERSION = YES;
				GCC_WARN_ABOUT_RETURN_TYPE = YES_ERROR;
				GCC_WARN_UNDECLARED_SELECTOR = YES;
				GCC_WARN_UNINITIALIZED_AUTOS = YES_AGGRESSIVE;
				GCC_WARN_UNUSED_FUNCTION = YES;
				GCC_WARN_UNUSED_VARIABLE = YES;
				IPHONEOS_DEPLOYMENT_TARGET = 14.3;
				MTL_ENABLE_DEBUG_INFO = INCLUDE_SOURCE;
				MTL_FAST_MATH = YES;
				ONLY_ACTIVE_ARCH = YES;
				SDKROOT = iphoneos;
				SWIFT_ACTIVE_COMPILATION_CONDITIONS = DEBUG;
				SWIFT_OPTIMIZATION_LEVEL = "-Onone";
			};
			name = Debug;
		};
		2D19C09B260339060098D7DD /* Release */ = {
			isa = XCBuildConfiguration;
			buildSettings = {
				ALWAYS_SEARCH_USER_PATHS = NO;
				CLANG_ANALYZER_NONNULL = YES;
				CLANG_ANALYZER_NUMBER_OBJECT_CONVERSION = YES_AGGRESSIVE;
				CLANG_CXX_LANGUAGE_STANDARD = "gnu++14";
				CLANG_CXX_LIBRARY = "libc++";
				CLANG_ENABLE_MODULES = YES;
				CLANG_ENABLE_OBJC_ARC = YES;
				CLANG_ENABLE_OBJC_WEAK = YES;
				CLANG_WARN_BLOCK_CAPTURE_AUTORELEASING = YES;
				CLANG_WARN_BOOL_CONVERSION = YES;
				CLANG_WARN_COMMA = YES;
				CLANG_WARN_CONSTANT_CONVERSION = YES;
				CLANG_WARN_DEPRECATED_OBJC_IMPLEMENTATIONS = YES;
				CLANG_WARN_DIRECT_OBJC_ISA_USAGE = YES_ERROR;
				CLANG_WARN_DOCUMENTATION_COMMENTS = YES;
				CLANG_WARN_EMPTY_BODY = YES;
				CLANG_WARN_ENUM_CONVERSION = YES;
				CLANG_WARN_INFINITE_RECURSION = YES;
				CLANG_WARN_INT_CONVERSION = YES;
				CLANG_WARN_NON_LITERAL_NULL_CONVERSION = YES;
				CLANG_WARN_OBJC_IMPLICIT_RETAIN_SELF = YES;
				CLANG_WARN_OBJC_LITERAL_CONVERSION = YES;
				CLANG_WARN_OBJC_ROOT_CLASS = YES_ERROR;
				CLANG_WARN_QUOTED_INCLUDE_IN_FRAMEWORK_HEADER = YES;
				CLANG_WARN_RANGE_LOOP_ANALYSIS = YES;
				CLANG_WARN_STRICT_PROTOTYPES = YES;
				CLANG_WARN_SUSPICIOUS_MOVE = YES;
				CLANG_WARN_UNGUARDED_AVAILABILITY = YES_AGGRESSIVE;
				CLANG_WARN_UNREACHABLE_CODE = YES;
				CLANG_WARN__DUPLICATE_METHOD_MATCH = YES;
				COPY_PHASE_STRIP = NO;
				DEBUG_INFORMATION_FORMAT = "dwarf-with-dsym";
				ENABLE_NS_ASSERTIONS = NO;
				ENABLE_STRICT_OBJC_MSGSEND = YES;
				GCC_C_LANGUAGE_STANDARD = gnu11;
				GCC_NO_COMMON_BLOCKS = YES;
				GCC_WARN_64_TO_32_BIT_CONVERSION = YES;
				GCC_WARN_ABOUT_RETURN_TYPE = YES_ERROR;
				GCC_WARN_UNDECLARED_SELECTOR = YES;
				GCC_WARN_UNINITIALIZED_AUTOS = YES_AGGRESSIVE;
				GCC_WARN_UNUSED_FUNCTION = YES;
				GCC_WARN_UNUSED_VARIABLE = YES;
				IPHONEOS_DEPLOYMENT_TARGET = 14.3;
				MTL_ENABLE_DEBUG_INFO = NO;
				MTL_FAST_MATH = YES;
				SDKROOT = iphoneos;
				SWIFT_COMPILATION_MODE = wholemodule;
				SWIFT_OPTIMIZATION_LEVEL = "-O";
				VALIDATE_PRODUCT = YES;
			};
			name = Release;
		};
		2D19C09D260339060098D7DD /* Debug */ = {
			isa = XCBuildConfiguration;
			baseConfigurationReference = 3F71592857DE4BF223BDE8F1 /* Pods-ReusebleUIKitExample.debug.xcconfig */;
			buildSettings = {
				ASSETCATALOG_COMPILER_APPICON_NAME = AppIcon;
				ASSETCATALOG_COMPILER_GLOBAL_ACCENT_COLOR_NAME = AccentColor;
				CODE_SIGN_STYLE = Automatic;
				CURRENT_PROJECT_VERSION = 0;
				DEVELOPMENT_ASSET_PATHS = ReusebleUIKitExample/Resources/Assets.xcassets;
				DEVELOPMENT_TEAM = NLR9V96NZ8;
				INFOPLIST_FILE = ReusebleUIKitExample/Info.plist;
				LD_RUNPATH_SEARCH_PATHS = (
					"$(inherited)",
					"@executable_path/Frameworks",
				);
				MARKETING_VERSION = 0.1.0;
				PRODUCT_BUNDLE_IDENTIFIER = skibinalexander.reusebleuikit.ReusebleUIKitExample;
				PRODUCT_NAME = "$(TARGET_NAME)";
				SWIFT_VERSION = 5.0;
				TARGETED_DEVICE_FAMILY = "1,2";
			};
			name = Debug;
		};
		2D19C09E260339060098D7DD /* Release */ = {
			isa = XCBuildConfiguration;
			baseConfigurationReference = F15DCC6DF1610F294B7AD71A /* Pods-ReusebleUIKitExample.release.xcconfig */;
			buildSettings = {
				ASSETCATALOG_COMPILER_APPICON_NAME = AppIcon;
				ASSETCATALOG_COMPILER_GLOBAL_ACCENT_COLOR_NAME = AccentColor;
				CODE_SIGN_STYLE = Automatic;
				CURRENT_PROJECT_VERSION = 0;
				DEVELOPMENT_ASSET_PATHS = ReusebleUIKitExample/Resources/Assets.xcassets;
				DEVELOPMENT_TEAM = NLR9V96NZ8;
				INFOPLIST_FILE = ReusebleUIKitExample/Info.plist;
				LD_RUNPATH_SEARCH_PATHS = (
					"$(inherited)",
					"@executable_path/Frameworks",
				);
				MARKETING_VERSION = 0.1.0;
				PRODUCT_BUNDLE_IDENTIFIER = skibinalexander.reusebleuikit.ReusebleUIKitExample;
				PRODUCT_NAME = "$(TARGET_NAME)";
				SWIFT_VERSION = 5.0;
				TARGETED_DEVICE_FAMILY = "1,2";
			};
			name = Release;
		};
/* End XCBuildConfiguration section */

/* Begin XCConfigurationList section */
		2D19C083260339030098D7DD /* Build configuration list for PBXProject "ReusebleUIKitExample" */ = {
			isa = XCConfigurationList;
			buildConfigurations = (
				2D19C09A260339060098D7DD /* Debug */,
				2D19C09B260339060098D7DD /* Release */,
			);
			defaultConfigurationIsVisible = 0;
			defaultConfigurationName = Release;
		};
		2D19C09C260339060098D7DD /* Build configuration list for PBXNativeTarget "ReusebleUIKitExample" */ = {
			isa = XCConfigurationList;
			buildConfigurations = (
				2D19C09D260339060098D7DD /* Debug */,
				2D19C09E260339060098D7DD /* Release */,
			);
			defaultConfigurationIsVisible = 0;
			defaultConfigurationName = Release;
		};
/* End XCConfigurationList section */
	};
	rootObject = 2D19C080260339030098D7DD /* Project object */;
}
